
Microsoft Visual Studio Solution File, Format Version 12.00
# Visual Studio 15
VisualStudioVersion = 15.0.27703.2026
MinimumVisualStudioVersion = 10.0.40219.1
Project("{FAE04EC0-301F-11D3-BF4B-00C04F79EFBC}") = "Solution", "ExportImportDictionaryItems\Solution.csproj", "{23D2BB3C-055F-4719-97BC-2D613EAB898F}"
EndProject
Global
	GlobalSection(SolutionConfigurationPlatforms) = preSolution
		Debug|Any CPU = Debug|Any CPU
		Release|Any CPU = Release|Any CPU
	EndGlobalSection
	GlobalSection(ProjectConfigurationPlatforms) = postSolution
		{23D2BB3C-055F-4719-97BC-2D613EAB898F}.Debug|Any CPU.ActiveCfg = Debug|Any CPU
		{23D2BB3C-055F-4719-97BC-2D613EAB898F}.Debug|Any CPU.Build.0 = Debug|Any CPU
		{23D2BB3C-055F-4719-97BC-2D613EAB898F}.Release|Any CPU.ActiveCfg = Release|Any CPU
		{23D2BB3C-055F-4719-97BC-2D613EAB898F}.Release|Any CPU.Build.0 = Release|Any CPU
	EndGlobalSection
	GlobalSection(SolutionProperties) = preSolution
		HideSolutionNode = FALSE
	EndGlobalSection
	GlobalSection(ExtensibilityGlobals) = postSolution
		SolutionGuid = {91F07026-190A-4EEA-9491-89D40B9A89E6}
	EndGlobalSection
EndGlobal
